
Microsoft Visual Studio Solution File, Format Version 12.00
# Visual Studio 2013
VisualStudioVersion = 12.0.30110.0
MinimumVisualStudioVersion = 10.0.40219.1
Project("{FAE04EC0-301F-11D3-BF4B-00C04F79EFBC}") = "April-2013-Variant1.1", "April-2013-Variant1\April-2013-Variant1.1.csproj", "{9585BAF0-EEDE-4938-ABED-05F3CFCBA1DA}"
EndProject
Project("{9092AA53-FB77-4645-B42D-1CCCA6BD08BD}") = "April-2013-Variant1.1(Nodejs)", "April-2013-Variant1.1(Nodejs)\April-2013-Variant1.1(Nodejs).njsproj", "{5A56F913-AB60-4899-9D40-F79F2C77661F}"
EndProject
Project("{9092AA53-FB77-4645-B42D-1CCCA6BD08BD}") = "JoroTheNaughty", "JoroTheNaughty\JoroTheNaughty.njsproj", "{6AD96516-18BD-4B4D-B67E-A88B497F79C6}"
EndProject
Project("{FAE04EC0-301F-11D3-BF4B-00C04F79EFBC}") = "JoroTheNaughty-Html", "JoroTheNaughty-Html\JoroTheNaughty-Html.csproj", "{A626FB55-4378-4078-9599-2AB0AC3C1923}"
EndProject
Project("{FAE04EC0-301F-11D3-BF4B-00C04F79EFBC}") = "ClosureParser-HTML", "ClosureParser-HTML\ClosureParser-HTML.csproj", "{4EDF02A8-AA71-425F-97B7-E57729F7E1BC}"
EndProject
Project("{9092AA53-FB77-4645-B42D-1CCCA6BD08BD}") = "ClosureParser-Nodejs", "ClosureParser-Nodejs\ClosureParser-Nodejs.njsproj", "{6598D932-63E7-437C-BD77-391FD1CB7367}"
EndProject
Project("{9092AA53-FB77-4645-B42D-1CCCA6BD08BD}") = "MaxSum -Nodejs", "MaxSum -Nodejs\MaxSum -Nodejs.njsproj", "{8EBCF1DE-CB29-450E-8D04-92D6500D3645}"
EndProject
Project("{FAE04EC0-301F-11D3-BF4B-00C04F79EFBC}") = "MaxSum-HTML", "MaxSum-HTML\MaxSum-HTML.csproj", "{7D2A2FAA-6CF0-47D6-8D9C-9121F0D7FA3B}"
EndProject
Project("{FAE04EC0-301F-11D3-BF4B-00C04F79EFBC}") = "LabyrinthEscape-HTML", "LabyrinthEscape-HTML\LabyrinthEscape-HTML.csproj", "{9E82982C-29C3-48E5-AE4A-98A2FA5DF555}"
EndProject
Project("{FAE04EC0-301F-11D3-BF4B-00C04F79EFBC}") = "Listy-HTML", "Listy-HTML\Listy-HTML.csproj", "{6FCCE731-8123-4AEA-8E3C-C71CDFBF0AB6}"
EndProject
Project("{FAE04EC0-301F-11D3-BF4B-00C04F79EFBC}") = "Listy-NodeJS", "Listy-NodeJS\Listy-NodeJS.csproj", "{486CDB8A-7FB1-4DC3-8D52-CCBC1486B2D4}"
EndProject
Project("{9092AA53-FB77-4645-B42D-1CCCA6BD08BD}") = "Listy(Nodejs)", "Listy(Nodejs)\Listy(Nodejs).njsproj", "{795DDC64-87FD-484F-869F-14AB7CE1CB4B}"
EndProject
Project("{FAE04EC0-301F-11D3-BF4B-00C04F79EFBC}") = "01. Cars", "01. Cars\01. Cars.csproj", "{FAA53875-8DA9-4F91-B753-F73B9C5649DA}"
EndProject
Project("{FAE04EC0-301F-11D3-BF4B-00C04F79EFBC}") = "02. Paths", "02. Paths\02. Paths.csproj", "{E0902C18-A126-4055-8A63-B7C2AFA3464C}"
EndProject
Project("{FAE04EC0-301F-11D3-BF4B-00C04F79EFBC}") = "03. ShaverParser", "03. ShaverParser\03. ShaverParser.csproj", "{D39C248B-D805-404E-AF32-416337111D12}"
EndProject
Project("{FAE04EC0-301F-11D3-BF4B-00C04F79EFBC}") = "01. Exam1", "01. Exam1\01. Exam1.csproj", "{A8943FEB-A1D5-43B4-9AE5-5E7AE3E1352C}"
EndProject
Project("{FAE04EC0-301F-11D3-BF4B-00C04F79EFBC}") = "02. Exam2", "02. Exam2\02. Exam2.csproj", "{9954E05C-B543-4C4A-AC15-A22C366A73ED}"
EndProject
Project("{FAE04EC0-301F-11D3-BF4B-00C04F79EFBC}") = "03. Exam3", "03. Exam3\03. Exam3.csproj", "{13349DF5-B1DD-4956-91C2-8CC48F288A8D}"
EndProject
Project("{FAE04EC0-301F-11D3-BF4B-00C04F79EFBC}") = "04. ExamBonus", "04. ExamBonus\04. ExamBonus.csproj", "{6EF65DFB-F4B1-463C-A6DE-12EEA067D315}"
EndProject
Global
	GlobalSection(SolutionConfigurationPlatforms) = preSolution
		Debug|Any CPU = Debug|Any CPU
		Release|Any CPU = Release|Any CPU
	EndGlobalSection
	GlobalSection(ProjectConfigurationPlatforms) = postSolution
		{9585BAF0-EEDE-4938-ABED-05F3CFCBA1DA}.Debug|Any CPU.ActiveCfg = Debug|Any CPU
		{9585BAF0-EEDE-4938-ABED-05F3CFCBA1DA}.Debug|Any CPU.Build.0 = Debug|Any CPU
		{9585BAF0-EEDE-4938-ABED-05F3CFCBA1DA}.Release|Any CPU.ActiveCfg = Release|Any CPU
		{9585BAF0-EEDE-4938-ABED-05F3CFCBA1DA}.Release|Any CPU.Build.0 = Release|Any CPU
		{5A56F913-AB60-4899-9D40-F79F2C77661F}.Debug|Any CPU.ActiveCfg = Debug|Any CPU
		{5A56F913-AB60-4899-9D40-F79F2C77661F}.Debug|Any CPU.Build.0 = Debug|Any CPU
		{5A56F913-AB60-4899-9D40-F79F2C77661F}.Release|Any CPU.ActiveCfg = Release|Any CPU
		{5A56F913-AB60-4899-9D40-F79F2C77661F}.Release|Any CPU.Build.0 = Release|Any CPU
		{6AD96516-18BD-4B4D-B67E-A88B497F79C6}.Debug|Any CPU.ActiveCfg = Debug|Any CPU
		{6AD96516-18BD-4B4D-B67E-A88B497F79C6}.Debug|Any CPU.Build.0 = Debug|Any CPU
		{6AD96516-18BD-4B4D-B67E-A88B497F79C6}.Release|Any CPU.ActiveCfg = Release|Any CPU
		{6AD96516-18BD-4B4D-B67E-A88B497F79C6}.Release|Any CPU.Build.0 = Release|Any CPU
		{A626FB55-4378-4078-9599-2AB0AC3C1923}.Debug|Any CPU.ActiveCfg = Debug|Any CPU
		{A626FB55-4378-4078-9599-2AB0AC3C1923}.Debug|Any CPU.Build.0 = Debug|Any CPU
		{A626FB55-4378-4078-9599-2AB0AC3C1923}.Release|Any CPU.ActiveCfg = Release|Any CPU
		{A626FB55-4378-4078-9599-2AB0AC3C1923}.Release|Any CPU.Build.0 = Release|Any CPU
		{4EDF02A8-AA71-425F-97B7-E57729F7E1BC}.Debug|Any CPU.ActiveCfg = Debug|Any CPU
		{4EDF02A8-AA71-425F-97B7-E57729F7E1BC}.Debug|Any CPU.Build.0 = Debug|Any CPU
		{4EDF02A8-AA71-425F-97B7-E57729F7E1BC}.Release|Any CPU.ActiveCfg = Release|Any CPU
		{4EDF02A8-AA71-425F-97B7-E57729F7E1BC}.Release|Any CPU.Build.0 = Release|Any CPU
		{6598D932-63E7-437C-BD77-391FD1CB7367}.Debug|Any CPU.ActiveCfg = Debug|Any CPU
		{6598D932-63E7-437C-BD77-391FD1CB7367}.Debug|Any CPU.Build.0 = Debug|Any CPU
		{6598D932-63E7-437C-BD77-391FD1CB7367}.Release|Any CPU.ActiveCfg = Release|Any CPU
		{6598D932-63E7-437C-BD77-391FD1CB7367}.Release|Any CPU.Build.0 = Release|Any CPU
		{8EBCF1DE-CB29-450E-8D04-92D6500D3645}.Debug|Any CPU.ActiveCfg = Debug|Any CPU
		{8EBCF1DE-CB29-450E-8D04-92D6500D3645}.Debug|Any CPU.Build.0 = Debug|Any CPU
		{8EBCF1DE-CB29-450E-8D04-92D6500D3645}.Release|Any CPU.ActiveCfg = Release|Any CPU
		{8EBCF1DE-CB29-450E-8D04-92D6500D3645}.Release|Any CPU.Build.0 = Release|Any CPU
		{7D2A2FAA-6CF0-47D6-8D9C-9121F0D7FA3B}.Debug|Any CPU.ActiveCfg = Debug|Any CPU
		{7D2A2FAA-6CF0-47D6-8D9C-9121F0D7FA3B}.Debug|Any CPU.Build.0 = Debug|Any CPU
		{7D2A2FAA-6CF0-47D6-8D9C-9121F0D7FA3B}.Release|Any CPU.ActiveCfg = Release|Any CPU
		{7D2A2FAA-6CF0-47D6-8D9C-9121F0D7FA3B}.Release|Any CPU.Build.0 = Release|Any CPU
		{9E82982C-29C3-48E5-AE4A-98A2FA5DF555}.Debug|Any CPU.ActiveCfg = Debug|Any CPU
		{9E82982C-29C3-48E5-AE4A-98A2FA5DF555}.Debug|Any CPU.Build.0 = Debug|Any CPU
		{9E82982C-29C3-48E5-AE4A-98A2FA5DF555}.Release|Any CPU.ActiveCfg = Release|Any CPU
		{9E82982C-29C3-48E5-AE4A-98A2FA5DF555}.Release|Any CPU.Build.0 = Release|Any CPU
		{6FCCE731-8123-4AEA-8E3C-C71CDFBF0AB6}.Debug|Any CPU.ActiveCfg = Debug|Any CPU
		{6FCCE731-8123-4AEA-8E3C-C71CDFBF0AB6}.Debug|Any CPU.Build.0 = Debug|Any CPU
		{6FCCE731-8123-4AEA-8E3C-C71CDFBF0AB6}.Release|Any CPU.ActiveCfg = Release|Any CPU
		{6FCCE731-8123-4AEA-8E3C-C71CDFBF0AB6}.Release|Any CPU.Build.0 = Release|Any CPU
		{486CDB8A-7FB1-4DC3-8D52-CCBC1486B2D4}.Debug|Any CPU.ActiveCfg = Debug|Any CPU
		{486CDB8A-7FB1-4DC3-8D52-CCBC1486B2D4}.Debug|Any CPU.Build.0 = Debug|Any CPU
		{486CDB8A-7FB1-4DC3-8D52-CCBC1486B2D4}.Release|Any CPU.ActiveCfg = Release|Any CPU
		{486CDB8A-7FB1-4DC3-8D52-CCBC1486B2D4}.Release|Any CPU.Build.0 = Release|Any CPU
		{795DDC64-87FD-484F-869F-14AB7CE1CB4B}.Debug|Any CPU.ActiveCfg = Debug|Any CPU
		{795DDC64-87FD-484F-869F-14AB7CE1CB4B}.Debug|Any CPU.Build.0 = Debug|Any CPU
		{795DDC64-87FD-484F-869F-14AB7CE1CB4B}.Release|Any CPU.ActiveCfg = Release|Any CPU
		{795DDC64-87FD-484F-869F-14AB7CE1CB4B}.Release|Any CPU.Build.0 = Release|Any CPU
		{FAA53875-8DA9-4F91-B753-F73B9C5649DA}.Debug|Any CPU.ActiveCfg = Debug|Any CPU
		{FAA53875-8DA9-4F91-B753-F73B9C5649DA}.Debug|Any CPU.Build.0 = Debug|Any CPU
		{FAA53875-8DA9-4F91-B753-F73B9C5649DA}.Release|Any CPU.ActiveCfg = Release|Any CPU
		{FAA53875-8DA9-4F91-B753-F73B9C5649DA}.Release|Any CPU.Build.0 = Release|Any CPU
		{E0902C18-A126-4055-8A63-B7C2AFA3464C}.Debug|Any CPU.ActiveCfg = Debug|Any CPU
		{E0902C18-A126-4055-8A63-B7C2AFA3464C}.Debug|Any CPU.Build.0 = Debug|Any CPU
		{E0902C18-A126-4055-8A63-B7C2AFA3464C}.Release|Any CPU.ActiveCfg = Release|Any CPU
		{E0902C18-A126-4055-8A63-B7C2AFA3464C}.Release|Any CPU.Build.0 = Release|Any CPU
		{D39C248B-D805-404E-AF32-416337111D12}.Debug|Any CPU.ActiveCfg = Debug|Any CPU
		{D39C248B-D805-404E-AF32-416337111D12}.Debug|Any CPU.Build.0 = Debug|Any CPU
		{D39C248B-D805-404E-AF32-416337111D12}.Release|Any CPU.ActiveCfg = Release|Any CPU
		{D39C248B-D805-404E-AF32-416337111D12}.Release|Any CPU.Build.0 = Release|Any CPU
		{A8943FEB-A1D5-43B4-9AE5-5E7AE3E1352C}.Debug|Any CPU.ActiveCfg = Debug|Any CPU
		{A8943FEB-A1D5-43B4-9AE5-5E7AE3E1352C}.Debug|Any CPU.Build.0 = Debug|Any CPU
		{A8943FEB-A1D5-43B4-9AE5-5E7AE3E1352C}.Release|Any CPU.ActiveCfg = Release|Any CPU
		{A8943FEB-A1D5-43B4-9AE5-5E7AE3E1352C}.Release|Any CPU.Build.0 = Release|Any CPU
		{9954E05C-B543-4C4A-AC15-A22C366A73ED}.Debug|Any CPU.ActiveCfg = Debug|Any CPU
		{9954E05C-B543-4C4A-AC15-A22C366A73ED}.Debug|Any CPU.Build.0 = Debug|Any CPU
		{9954E05C-B543-4C4A-AC15-A22C366A73ED}.Release|Any CPU.ActiveCfg = Release|Any CPU
		{9954E05C-B543-4C4A-AC15-A22C366A73ED}.Release|Any CPU.Build.0 = Release|Any CPU
		{13349DF5-B1DD-4956-91C2-8CC48F288A8D}.Debug|Any CPU.ActiveCfg = Debug|Any CPU
		{13349DF5-B1DD-4956-91C2-8CC48F288A8D}.Debug|Any CPU.Build.0 = Debug|Any CPU
		{13349DF5-B1DD-4956-91C2-8CC48F288A8D}.Release|Any CPU.ActiveCfg = Release|Any CPU
		{13349DF5-B1DD-4956-91C2-8CC48F288A8D}.Release|Any CPU.Build.0 = Release|Any CPU
		{6EF65DFB-F4B1-463C-A6DE-12EEA067D315}.Debug|Any CPU.ActiveCfg = Debug|Any CPU
		{6EF65DFB-F4B1-463C-A6DE-12EEA067D315}.Debug|Any CPU.Build.0 = Debug|Any CPU
		{6EF65DFB-F4B1-463C-A6DE-12EEA067D315}.Release|Any CPU.ActiveCfg = Release|Any CPU
		{6EF65DFB-F4B1-463C-A6DE-12EEA067D315}.Release|Any CPU.Build.0 = Release|Any CPU
	EndGlobalSection
	GlobalSection(SolutionProperties) = preSolution
		HideSolutionNode = FALSE
	EndGlobalSection
EndGlobal
