
Microsoft Visual Studio Solution File, Format Version 12.00
# Visual Studio 2013
VisualStudioVersion = 12.0.31101.0
MinimumVisualStudioVersion = 10.0.40219.1
Project("{FAE04EC0-301F-11D3-BF4B-00C04F79EFBC}") = "Garden", "ConsoleApplication1\Garden.csproj", "{96615882-B44B-4E58-A61F-7C1A1F5D3A8B}"
EndProject
Project("{FAE04EC0-301F-11D3-BF4B-00C04F79EFBC}") = "Secrets", "Secrets\Secrets.csproj", "{88898E91-036A-406F-8EFC-A6FEBC57E707}"
EndProject
Project("{FAE04EC0-301F-11D3-BF4B-00C04F79EFBC}") = "CardWarsBatka", "CardWarsBatka\CardWarsBatka.csproj", "{B371F1DC-B2F4-40CB-A08D-AAB32FD6B58D}"
EndProject
Project("{FAE04EC0-301F-11D3-BF4B-00C04F79EFBC}") = "BatGoikoTower", "BatGoikoTower\BatGoikoTower.csproj", "{A30C0F9E-7A7D-45B7-80FC-FDB6063C2792}"
EndProject
Project("{FAE04EC0-301F-11D3-BF4B-00C04F79EFBC}") = "TripleRotationOfDigits", "TripleRotationOfDigits\TripleRotationOfDigits.csproj", "{4F1A94FF-A0D1-45E9-9B0D-8CF8BB91F56F}"
EndProject
Project("{FAE04EC0-301F-11D3-BF4B-00C04F79EFBC}") = "QuadronacciRectangle", "QuadronacciRectangle\QuadronacciRectangle.csproj", "{65CBB0B3-00EF-44CE-91C9-B49959DC3765}"
EndProject
Project("{FAE04EC0-301F-11D3-BF4B-00C04F79EFBC}") = "Poker", "Poker\Poker.csproj", "{C0147C52-7479-4AE2-B629-E73788DB95FE}"
EndProject
Project("{FAE04EC0-301F-11D3-BF4B-00C04F79EFBC}") = "UKFlag", "UKFlag\UKFlag.csproj", "{835D3418-A566-45AB-BFAC-AF3A1C8012FE}"
EndProject
Project("{FAE04EC0-301F-11D3-BF4B-00C04F79EFBC}") = "AngryBits", "AngryBits\AngryBits.csproj", "{11B7806A-207A-413A-BCBF-84DFDB8A5DAA}"
EndProject
Project("{FAE04EC0-301F-11D3-BF4B-00C04F79EFBC}") = "CoffeeMachine", "CoffeeMachine\CoffeeMachine.csproj", "{0C5BE691-0D18-4E0B-8ED6-F5735F20E43B}"
EndProject
Project("{FAE04EC0-301F-11D3-BF4B-00C04F79EFBC}") = "DrunkenNumbers", "DrunkenNumbers\DrunkenNumbers.csproj", "{E23656C7-95C1-470A-923C-B88E235637B3}"
EndProject
Project("{FAE04EC0-301F-11D3-BF4B-00C04F79EFBC}") = "FireMatrix", "FireMatrix\FireMatrix.csproj", "{3F522D26-AE9B-4957-83F8-215860AA8239}"
EndProject
Project("{FAE04EC0-301F-11D3-BF4B-00C04F79EFBC}") = "Carpets", "Carpets\Carpets.csproj", "{3BDDDA9F-4E04-49D0-ABD0-82BF2DF4D1B1}"
EndProject
Project("{FAE04EC0-301F-11D3-BF4B-00C04F79EFBC}") = "TelerikLogo", "TelerikLogo\TelerikLogo.csproj", "{44464360-EF98-459B-B7F6-25BC477E0229}"
EndProject
Project("{FAE04EC0-301F-11D3-BF4B-00C04F79EFBC}") = "BullsAndCows", "BullsAndCows\BullsAndCows.csproj", "{A8339A57-CD8E-4F42-B6BD-F977025F28E7}"
EndProject
Project("{FAE04EC0-301F-11D3-BF4B-00C04F79EFBC}") = "Neurons", "Neurons\Neurons.csproj", "{7BB95716-C66A-4980-8D60-A1389C70730D}"
EndProject
Project("{FAE04EC0-301F-11D3-BF4B-00C04F79EFBC}") = "NextDate", "NextDate\NextDate.csproj", "{FFB8E653-E55C-4127-A81B-E3A88426E611}"
EndProject
Project("{FAE04EC0-301F-11D3-BF4B-00C04F79EFBC}") = "TribonacciTriangle", "TribonacciTriangle\TribonacciTriangle.csproj", "{7D2086E8-DBA2-4E1E-9B87-C6A728737D9F}"
EndProject
Project("{FAE04EC0-301F-11D3-BF4B-00C04F79EFBC}") = "Sheets", "Sheets\Sheets.csproj", "{2C02CE07-F65F-4B71-A53D-411B3F9C939F}"
EndProject
Project("{FAE04EC0-301F-11D3-BF4B-00C04F79EFBC}") = "FormulaBit", "FormulaBit\FormulaBit.csproj", "{A85670B4-A25E-455A-B6E0-A28F39A03CFC}"
EndProject
Project("{FAE04EC0-301F-11D3-BF4B-00C04F79EFBC}") = "SevenlandNumbers", "SevenlandNumbers\SevenlandNumbers.csproj", "{613BE34B-F427-4A60-ABB7-A93406C063D3}"
EndProject
Project("{FAE04EC0-301F-11D3-BF4B-00C04F79EFBC}") = "A-nacci", "A-nacci\A-nacci.csproj", "{844BFA28-6F7F-4381-9A2D-2721EE32AA74}"
EndProject
Project("{FAE04EC0-301F-11D3-BF4B-00C04F79EFBC}") = "ExcelColumns", "ExcelColumns\ExcelColumns.csproj", "{5E1B1AAF-A594-4C89-9FC2-1E93C00DEFD7}"
EndProject
Project("{FAE04EC0-301F-11D3-BF4B-00C04F79EFBC}") = "BitBall", "BitBall\BitBall.csproj", "{86CD1EDC-160F-4B43-90E8-73C80AE504D5}"
EndProject
Project("{FAE04EC0-301F-11D3-BF4B-00C04F79EFBC}") = "ShipDamage", "ShipDamage\ShipDamage.csproj", "{9457F64B-84CE-4318-B199-61D59B48FEB6}"
EndProject
Project("{FAE04EC0-301F-11D3-BF4B-00C04F79EFBC}") = "NthTribonacci", "NthTribonacci\NthTribonacci.csproj", "{1021AA2C-B179-46A3-9CCA-836EFEA003EC}"
EndProject
Project("{FAE04EC0-301F-11D3-BF4B-00C04F79EFBC}") = "FirTree", "FirTree\FirTree.csproj", "{4DBB8E57-95A3-4C9C-8503-CD2D59A0B14A}"
EndProject
Project("{FAE04EC0-301F-11D3-BF4B-00C04F79EFBC}") = "WeAllLoveBits", "WeAllLoveBits\WeAllLoveBits.csproj", "{CB16A6B5-C2C2-4BFB-BFD0-E4807852A3B3}"
EndProject
Project("{FAE04EC0-301F-11D3-BF4B-00C04F79EFBC}") = "Pillars", "Pillars\Pillars.csproj", "{75C6C996-1051-4DE3-B98D-766F73FC87BA}"
EndProject
Project("{FAE04EC0-301F-11D3-BF4B-00C04F79EFBC}") = "FighterAttack", "FighterAttack\FighterAttack.csproj", "{CD59A5A6-A528-4C2F-83CB-05C82341C17E}"
EndProject
Project("{FAE04EC0-301F-11D3-BF4B-00C04F79EFBC}") = "SandGlass", "SandGlass\SandGlass.csproj", "{53BCFC3B-48E0-45DA-9079-1918D2FEFE88}"
EndProject
Project("{FAE04EC0-301F-11D3-BF4B-00C04F79EFBC}") = "AstrologicalDigits", "AstrologicalDigits\AstrologicalDigits.csproj", "{6A6F38D0-7C77-4351-A0AB-A1EF6F833ACF}"
EndProject
Project("{FAE04EC0-301F-11D3-BF4B-00C04F79EFBC}") = "DancingBits", "DancingBits\DancingBits.csproj", "{F2237401-425E-4B3E-BC6D-4C9F020B1C6D}"
EndProject
Project("{FAE04EC0-301F-11D3-BF4B-00C04F79EFBC}") = "Lines", "Lines\Lines.csproj", "{111AAB51-F581-490B-A4C5-16D5042627FB}"
EndProject
Project("{FAE04EC0-301F-11D3-BF4B-00C04F79EFBC}") = "CartesianCoordinateSystem", "CartesianCoordinateSystem\CartesianCoordinateSystem.csproj", "{EF0F6F7C-6427-454A-80D1-7ED1324777C2}"
EndProject
Project("{FAE04EC0-301F-11D3-BF4B-00C04F79EFBC}") = "MissCat", "MissCat\MissCat.csproj", "{1B6B679C-8E37-4B05-BC7F-4EC5E0B6A8EF}"
EndProject
Project("{FAE04EC0-301F-11D3-BF4B-00C04F79EFBC}") = "ForestRoad", "ForestRoad\ForestRoad.csproj", "{36343639-E559-4AB8-B21E-734E6BA572C8}"
EndProject
Project("{FAE04EC0-301F-11D3-BF4B-00C04F79EFBC}") = "BinaryDigitsCount", "BinaryDigitsCount\BinaryDigitsCount.csproj", "{66F270CD-FA9F-4761-81D4-F0637A3F2671}"
EndProject
Project("{FAE04EC0-301F-11D3-BF4B-00C04F79EFBC}") = "SubsetSums", "SubsetSums\SubsetSums.csproj", "{2B9C5AD2-7C16-434E-8916-1EFEEC824CBA}"
EndProject
Project("{FAE04EC0-301F-11D3-BF4B-00C04F79EFBC}") = "MathExpression", "MathExpression\MathExpression.csproj", "{FF02326F-E944-40D3-A29B-B68F162A6D78}"
EndProject
Project("{FAE04EC0-301F-11D3-BF4B-00C04F79EFBC}") = "LeastMajorityMultiple", "LeastMajorityMultiple\LeastMajorityMultiple.csproj", "{20E5556E-6BD4-4DF7-BDA9-EBA6B7C47141}"
EndProject
Project("{FAE04EC0-301F-11D3-BF4B-00C04F79EFBC}") = "Trapezoid", "Trapezoid\Trapezoid.csproj", "{C557D771-82ED-47FA-8A69-1D0C31A13B21}"
EndProject
Project("{FAE04EC0-301F-11D3-BF4B-00C04F79EFBC}") = "OddNumber", "OddNumber\OddNumber.csproj", "{E5FDFBBA-EB2B-4589-AD41-2E02FDAEF747}"
EndProject
Project("{FAE04EC0-301F-11D3-BF4B-00C04F79EFBC}") = "FallDown", "FallDown\FallDown.csproj", "{8B837A52-A411-4D45-8CB8-4DCDCDA607F3}"
EndProject
Project("{FAE04EC0-301F-11D3-BF4B-00C04F79EFBC}") = "Bittris", "Bittris\Bittris.csproj", "{BE27A8A7-64FF-4C6E-8AD7-0C93AF20386D}"
EndProject
Project("{FAE04EC0-301F-11D3-BF4B-00C04F79EFBC}") = "AmericanPie", "AmericanPie\AmericanPie.csproj", "{6ED0DA49-3A87-46B2-935D-7A4474E63D92}"
EndProject
Project("{FAE04EC0-301F-11D3-BF4B-00C04F79EFBC}") = "ApplesOrOranges", "ApplesOrOranges\ApplesOrOranges.csproj", "{EABC85CA-151E-4D87-A5D0-95A2C4B412CC}"
EndProject
Project("{FAE04EC0-301F-11D3-BF4B-00C04F79EFBC}") = "BinaryDigits", "BinaryDigits\BinaryDigits.csproj", "{AC4EE7C7-7ABA-4320-9170-6FD1BFC4FDDF}"
EndProject
Project("{FAE04EC0-301F-11D3-BF4B-00C04F79EFBC}") = "EasterMister", "EasterMister\EasterMister.csproj", "{F5F415CC-8FF0-49AA-A22C-E5A8A791EB30}"
EndProject
Project("{FAE04EC0-301F-11D3-BF4B-00C04F79EFBC}") = "Eggcellent", "Eggcellent\Eggcellent.csproj", "{FDB612CC-17EF-4D2F-A4DE-C91FE4B03950}"
EndProject
Project("{FAE04EC0-301F-11D3-BF4B-00C04F79EFBC}") = "PeaceOfCake", "PeaceOfCake\PeaceOfCake.csproj", "{A9BD2D6E-2AD0-45C8-BAFE-676DF1B2ACB4}"
EndProject
Project("{FAE04EC0-301F-11D3-BF4B-00C04F79EFBC}") = "AngryFemaleGPS", "AngryFemaleGPS\AngryFemaleGPS.csproj", "{72ABD364-908D-438E-A4D1-46C0528CC90A}"
EndProject
Project("{FAE04EC0-301F-11D3-BF4B-00C04F79EFBC}") = "OnesAndZeros", "OnesAndZeros\OnesAndZeros.csproj", "{31D54055-F86F-4227-846A-25389C01F194}"
EndProject
Project("{FAE04EC0-301F-11D3-BF4B-00C04F79EFBC}") = "248", "248\248.csproj", "{E0BFE85D-3325-4774-B661-63C4E664F80B}"
EndProject
Project("{FAE04EC0-301F-11D3-BF4B-00C04F79EFBC}") = "NightmareOnCodeStreet", "NightmareOnCodeStreet\NightmareOnCodeStreet.csproj", "{D97DE4D3-1FAD-4B6F-B9E1-597F62B20B0F}"
EndProject
Project("{FAE04EC0-301F-11D3-BF4B-00C04F79EFBC}") = "KaspichaniaBoats", "KaspichaniaBoats\KaspichaniaBoats.csproj", "{42658162-FA41-4219-8B2D-7623ECC9BEBA}"
EndProject
Project("{FAE04EC0-301F-11D3-BF4B-00C04F79EFBC}") = "Enigmanation", "Enigmanation\Enigmanation.csproj", "{648D2694-DCBC-4A5C-B362-79C6402F0A0F}"
EndProject
Project("{FAE04EC0-301F-11D3-BF4B-00C04F79EFBC}") = "GameOfPage", "GameOfPage\GameOfPage.csproj", "{5B5689AE-A7F9-4D71-8151-5E2232753962}"
EndProject
Global
	GlobalSection(SolutionConfigurationPlatforms) = preSolution
		Debug|Any CPU = Debug|Any CPU
		Release|Any CPU = Release|Any CPU
	EndGlobalSection
	GlobalSection(ProjectConfigurationPlatforms) = postSolution
		{96615882-B44B-4E58-A61F-7C1A1F5D3A8B}.Debug|Any CPU.ActiveCfg = Debug|Any CPU
		{96615882-B44B-4E58-A61F-7C1A1F5D3A8B}.Debug|Any CPU.Build.0 = Debug|Any CPU
		{96615882-B44B-4E58-A61F-7C1A1F5D3A8B}.Release|Any CPU.ActiveCfg = Release|Any CPU
		{96615882-B44B-4E58-A61F-7C1A1F5D3A8B}.Release|Any CPU.Build.0 = Release|Any CPU
		{88898E91-036A-406F-8EFC-A6FEBC57E707}.Debug|Any CPU.ActiveCfg = Debug|Any CPU
		{88898E91-036A-406F-8EFC-A6FEBC57E707}.Debug|Any CPU.Build.0 = Debug|Any CPU
		{88898E91-036A-406F-8EFC-A6FEBC57E707}.Release|Any CPU.ActiveCfg = Release|Any CPU
		{88898E91-036A-406F-8EFC-A6FEBC57E707}.Release|Any CPU.Build.0 = Release|Any CPU
		{B371F1DC-B2F4-40CB-A08D-AAB32FD6B58D}.Debug|Any CPU.ActiveCfg = Debug|Any CPU
		{B371F1DC-B2F4-40CB-A08D-AAB32FD6B58D}.Debug|Any CPU.Build.0 = Debug|Any CPU
		{B371F1DC-B2F4-40CB-A08D-AAB32FD6B58D}.Release|Any CPU.ActiveCfg = Release|Any CPU
		{B371F1DC-B2F4-40CB-A08D-AAB32FD6B58D}.Release|Any CPU.Build.0 = Release|Any CPU
		{A30C0F9E-7A7D-45B7-80FC-FDB6063C2792}.Debug|Any CPU.ActiveCfg = Debug|Any CPU
		{A30C0F9E-7A7D-45B7-80FC-FDB6063C2792}.Debug|Any CPU.Build.0 = Debug|Any CPU
		{A30C0F9E-7A7D-45B7-80FC-FDB6063C2792}.Release|Any CPU.ActiveCfg = Release|Any CPU
		{A30C0F9E-7A7D-45B7-80FC-FDB6063C2792}.Release|Any CPU.Build.0 = Release|Any CPU
		{4F1A94FF-A0D1-45E9-9B0D-8CF8BB91F56F}.Debug|Any CPU.ActiveCfg = Debug|Any CPU
		{4F1A94FF-A0D1-45E9-9B0D-8CF8BB91F56F}.Debug|Any CPU.Build.0 = Debug|Any CPU
		{4F1A94FF-A0D1-45E9-9B0D-8CF8BB91F56F}.Release|Any CPU.ActiveCfg = Release|Any CPU
		{4F1A94FF-A0D1-45E9-9B0D-8CF8BB91F56F}.Release|Any CPU.Build.0 = Release|Any CPU
		{65CBB0B3-00EF-44CE-91C9-B49959DC3765}.Debug|Any CPU.ActiveCfg = Debug|Any CPU
		{65CBB0B3-00EF-44CE-91C9-B49959DC3765}.Debug|Any CPU.Build.0 = Debug|Any CPU
		{65CBB0B3-00EF-44CE-91C9-B49959DC3765}.Release|Any CPU.ActiveCfg = Release|Any CPU
		{65CBB0B3-00EF-44CE-91C9-B49959DC3765}.Release|Any CPU.Build.0 = Release|Any CPU
		{C0147C52-7479-4AE2-B629-E73788DB95FE}.Debug|Any CPU.ActiveCfg = Debug|Any CPU
		{C0147C52-7479-4AE2-B629-E73788DB95FE}.Debug|Any CPU.Build.0 = Debug|Any CPU
		{C0147C52-7479-4AE2-B629-E73788DB95FE}.Release|Any CPU.ActiveCfg = Release|Any CPU
		{C0147C52-7479-4AE2-B629-E73788DB95FE}.Release|Any CPU.Build.0 = Release|Any CPU
		{835D3418-A566-45AB-BFAC-AF3A1C8012FE}.Debug|Any CPU.ActiveCfg = Debug|Any CPU
		{835D3418-A566-45AB-BFAC-AF3A1C8012FE}.Debug|Any CPU.Build.0 = Debug|Any CPU
		{835D3418-A566-45AB-BFAC-AF3A1C8012FE}.Release|Any CPU.ActiveCfg = Release|Any CPU
		{835D3418-A566-45AB-BFAC-AF3A1C8012FE}.Release|Any CPU.Build.0 = Release|Any CPU
		{11B7806A-207A-413A-BCBF-84DFDB8A5DAA}.Debug|Any CPU.ActiveCfg = Debug|Any CPU
		{11B7806A-207A-413A-BCBF-84DFDB8A5DAA}.Debug|Any CPU.Build.0 = Debug|Any CPU
		{11B7806A-207A-413A-BCBF-84DFDB8A5DAA}.Release|Any CPU.ActiveCfg = Release|Any CPU
		{11B7806A-207A-413A-BCBF-84DFDB8A5DAA}.Release|Any CPU.Build.0 = Release|Any CPU
		{0C5BE691-0D18-4E0B-8ED6-F5735F20E43B}.Debug|Any CPU.ActiveCfg = Debug|Any CPU
		{0C5BE691-0D18-4E0B-8ED6-F5735F20E43B}.Debug|Any CPU.Build.0 = Debug|Any CPU
		{0C5BE691-0D18-4E0B-8ED6-F5735F20E43B}.Release|Any CPU.ActiveCfg = Release|Any CPU
		{0C5BE691-0D18-4E0B-8ED6-F5735F20E43B}.Release|Any CPU.Build.0 = Release|Any CPU
		{E23656C7-95C1-470A-923C-B88E235637B3}.Debug|Any CPU.ActiveCfg = Debug|Any CPU
		{E23656C7-95C1-470A-923C-B88E235637B3}.Debug|Any CPU.Build.0 = Debug|Any CPU
		{E23656C7-95C1-470A-923C-B88E235637B3}.Release|Any CPU.ActiveCfg = Release|Any CPU
		{E23656C7-95C1-470A-923C-B88E235637B3}.Release|Any CPU.Build.0 = Release|Any CPU
		{3F522D26-AE9B-4957-83F8-215860AA8239}.Debug|Any CPU.ActiveCfg = Debug|Any CPU
		{3F522D26-AE9B-4957-83F8-215860AA8239}.Debug|Any CPU.Build.0 = Debug|Any CPU
		{3F522D26-AE9B-4957-83F8-215860AA8239}.Release|Any CPU.ActiveCfg = Release|Any CPU
		{3F522D26-AE9B-4957-83F8-215860AA8239}.Release|Any CPU.Build.0 = Release|Any CPU
		{3BDDDA9F-4E04-49D0-ABD0-82BF2DF4D1B1}.Debug|Any CPU.ActiveCfg = Debug|Any CPU
		{3BDDDA9F-4E04-49D0-ABD0-82BF2DF4D1B1}.Debug|Any CPU.Build.0 = Debug|Any CPU
		{3BDDDA9F-4E04-49D0-ABD0-82BF2DF4D1B1}.Release|Any CPU.ActiveCfg = Release|Any CPU
		{3BDDDA9F-4E04-49D0-ABD0-82BF2DF4D1B1}.Release|Any CPU.Build.0 = Release|Any CPU
		{44464360-EF98-459B-B7F6-25BC477E0229}.Debug|Any CPU.ActiveCfg = Debug|Any CPU
		{44464360-EF98-459B-B7F6-25BC477E0229}.Debug|Any CPU.Build.0 = Debug|Any CPU
		{44464360-EF98-459B-B7F6-25BC477E0229}.Release|Any CPU.ActiveCfg = Release|Any CPU
		{44464360-EF98-459B-B7F6-25BC477E0229}.Release|Any CPU.Build.0 = Release|Any CPU
		{A8339A57-CD8E-4F42-B6BD-F977025F28E7}.Debug|Any CPU.ActiveCfg = Debug|Any CPU
		{A8339A57-CD8E-4F42-B6BD-F977025F28E7}.Debug|Any CPU.Build.0 = Debug|Any CPU
		{A8339A57-CD8E-4F42-B6BD-F977025F28E7}.Release|Any CPU.ActiveCfg = Release|Any CPU
		{A8339A57-CD8E-4F42-B6BD-F977025F28E7}.Release|Any CPU.Build.0 = Release|Any CPU
		{7BB95716-C66A-4980-8D60-A1389C70730D}.Debug|Any CPU.ActiveCfg = Debug|Any CPU
		{7BB95716-C66A-4980-8D60-A1389C70730D}.Debug|Any CPU.Build.0 = Debug|Any CPU
		{7BB95716-C66A-4980-8D60-A1389C70730D}.Release|Any CPU.ActiveCfg = Release|Any CPU
		{7BB95716-C66A-4980-8D60-A1389C70730D}.Release|Any CPU.Build.0 = Release|Any CPU
		{FFB8E653-E55C-4127-A81B-E3A88426E611}.Debug|Any CPU.ActiveCfg = Debug|Any CPU
		{FFB8E653-E55C-4127-A81B-E3A88426E611}.Debug|Any CPU.Build.0 = Debug|Any CPU
		{FFB8E653-E55C-4127-A81B-E3A88426E611}.Release|Any CPU.ActiveCfg = Release|Any CPU
		{FFB8E653-E55C-4127-A81B-E3A88426E611}.Release|Any CPU.Build.0 = Release|Any CPU
		{7D2086E8-DBA2-4E1E-9B87-C6A728737D9F}.Debug|Any CPU.ActiveCfg = Debug|Any CPU
		{7D2086E8-DBA2-4E1E-9B87-C6A728737D9F}.Debug|Any CPU.Build.0 = Debug|Any CPU
		{7D2086E8-DBA2-4E1E-9B87-C6A728737D9F}.Release|Any CPU.ActiveCfg = Release|Any CPU
		{7D2086E8-DBA2-4E1E-9B87-C6A728737D9F}.Release|Any CPU.Build.0 = Release|Any CPU
		{2C02CE07-F65F-4B71-A53D-411B3F9C939F}.Debug|Any CPU.ActiveCfg = Debug|Any CPU
		{2C02CE07-F65F-4B71-A53D-411B3F9C939F}.Debug|Any CPU.Build.0 = Debug|Any CPU
		{2C02CE07-F65F-4B71-A53D-411B3F9C939F}.Release|Any CPU.ActiveCfg = Release|Any CPU
		{2C02CE07-F65F-4B71-A53D-411B3F9C939F}.Release|Any CPU.Build.0 = Release|Any CPU
		{A85670B4-A25E-455A-B6E0-A28F39A03CFC}.Debug|Any CPU.ActiveCfg = Debug|Any CPU
		{A85670B4-A25E-455A-B6E0-A28F39A03CFC}.Debug|Any CPU.Build.0 = Debug|Any CPU
		{A85670B4-A25E-455A-B6E0-A28F39A03CFC}.Release|Any CPU.ActiveCfg = Release|Any CPU
		{A85670B4-A25E-455A-B6E0-A28F39A03CFC}.Release|Any CPU.Build.0 = Release|Any CPU
		{613BE34B-F427-4A60-ABB7-A93406C063D3}.Debug|Any CPU.ActiveCfg = Debug|Any CPU
		{613BE34B-F427-4A60-ABB7-A93406C063D3}.Debug|Any CPU.Build.0 = Debug|Any CPU
		{613BE34B-F427-4A60-ABB7-A93406C063D3}.Release|Any CPU.ActiveCfg = Release|Any CPU
		{613BE34B-F427-4A60-ABB7-A93406C063D3}.Release|Any CPU.Build.0 = Release|Any CPU
		{844BFA28-6F7F-4381-9A2D-2721EE32AA74}.Debug|Any CPU.ActiveCfg = Debug|Any CPU
		{844BFA28-6F7F-4381-9A2D-2721EE32AA74}.Debug|Any CPU.Build.0 = Debug|Any CPU
		{844BFA28-6F7F-4381-9A2D-2721EE32AA74}.Release|Any CPU.ActiveCfg = Release|Any CPU
		{844BFA28-6F7F-4381-9A2D-2721EE32AA74}.Release|Any CPU.Build.0 = Release|Any CPU
		{5E1B1AAF-A594-4C89-9FC2-1E93C00DEFD7}.Debug|Any CPU.ActiveCfg = Debug|Any CPU
		{5E1B1AAF-A594-4C89-9FC2-1E93C00DEFD7}.Debug|Any CPU.Build.0 = Debug|Any CPU
		{5E1B1AAF-A594-4C89-9FC2-1E93C00DEFD7}.Release|Any CPU.ActiveCfg = Release|Any CPU
		{5E1B1AAF-A594-4C89-9FC2-1E93C00DEFD7}.Release|Any CPU.Build.0 = Release|Any CPU
		{86CD1EDC-160F-4B43-90E8-73C80AE504D5}.Debug|Any CPU.ActiveCfg = Debug|Any CPU
		{86CD1EDC-160F-4B43-90E8-73C80AE504D5}.Debug|Any CPU.Build.0 = Debug|Any CPU
		{86CD1EDC-160F-4B43-90E8-73C80AE504D5}.Release|Any CPU.ActiveCfg = Release|Any CPU
		{86CD1EDC-160F-4B43-90E8-73C80AE504D5}.Release|Any CPU.Build.0 = Release|Any CPU
		{9457F64B-84CE-4318-B199-61D59B48FEB6}.Debug|Any CPU.ActiveCfg = Debug|Any CPU
		{9457F64B-84CE-4318-B199-61D59B48FEB6}.Debug|Any CPU.Build.0 = Debug|Any CPU
		{9457F64B-84CE-4318-B199-61D59B48FEB6}.Release|Any CPU.ActiveCfg = Release|Any CPU
		{9457F64B-84CE-4318-B199-61D59B48FEB6}.Release|Any CPU.Build.0 = Release|Any CPU
		{1021AA2C-B179-46A3-9CCA-836EFEA003EC}.Debug|Any CPU.ActiveCfg = Debug|Any CPU
		{1021AA2C-B179-46A3-9CCA-836EFEA003EC}.Debug|Any CPU.Build.0 = Debug|Any CPU
		{1021AA2C-B179-46A3-9CCA-836EFEA003EC}.Release|Any CPU.ActiveCfg = Release|Any CPU
		{1021AA2C-B179-46A3-9CCA-836EFEA003EC}.Release|Any CPU.Build.0 = Release|Any CPU
		{4DBB8E57-95A3-4C9C-8503-CD2D59A0B14A}.Debug|Any CPU.ActiveCfg = Debug|Any CPU
		{4DBB8E57-95A3-4C9C-8503-CD2D59A0B14A}.Debug|Any CPU.Build.0 = Debug|Any CPU
		{4DBB8E57-95A3-4C9C-8503-CD2D59A0B14A}.Release|Any CPU.ActiveCfg = Release|Any CPU
		{4DBB8E57-95A3-4C9C-8503-CD2D59A0B14A}.Release|Any CPU.Build.0 = Release|Any CPU
		{CB16A6B5-C2C2-4BFB-BFD0-E4807852A3B3}.Debug|Any CPU.ActiveCfg = Debug|Any CPU
		{CB16A6B5-C2C2-4BFB-BFD0-E4807852A3B3}.Debug|Any CPU.Build.0 = Debug|Any CPU
		{CB16A6B5-C2C2-4BFB-BFD0-E4807852A3B3}.Release|Any CPU.ActiveCfg = Release|Any CPU
		{CB16A6B5-C2C2-4BFB-BFD0-E4807852A3B3}.Release|Any CPU.Build.0 = Release|Any CPU
		{75C6C996-1051-4DE3-B98D-766F73FC87BA}.Debug|Any CPU.ActiveCfg = Debug|Any CPU
		{75C6C996-1051-4DE3-B98D-766F73FC87BA}.Debug|Any CPU.Build.0 = Debug|Any CPU
		{75C6C996-1051-4DE3-B98D-766F73FC87BA}.Release|Any CPU.ActiveCfg = Release|Any CPU
		{75C6C996-1051-4DE3-B98D-766F73FC87BA}.Release|Any CPU.Build.0 = Release|Any CPU
		{CD59A5A6-A528-4C2F-83CB-05C82341C17E}.Debug|Any CPU.ActiveCfg = Debug|Any CPU
		{CD59A5A6-A528-4C2F-83CB-05C82341C17E}.Debug|Any CPU.Build.0 = Debug|Any CPU
		{CD59A5A6-A528-4C2F-83CB-05C82341C17E}.Release|Any CPU.ActiveCfg = Release|Any CPU
		{CD59A5A6-A528-4C2F-83CB-05C82341C17E}.Release|Any CPU.Build.0 = Release|Any CPU
		{53BCFC3B-48E0-45DA-9079-1918D2FEFE88}.Debug|Any CPU.ActiveCfg = Debug|Any CPU
		{53BCFC3B-48E0-45DA-9079-1918D2FEFE88}.Debug|Any CPU.Build.0 = Debug|Any CPU
		{53BCFC3B-48E0-45DA-9079-1918D2FEFE88}.Release|Any CPU.ActiveCfg = Release|Any CPU
		{53BCFC3B-48E0-45DA-9079-1918D2FEFE88}.Release|Any CPU.Build.0 = Release|Any CPU
		{6A6F38D0-7C77-4351-A0AB-A1EF6F833ACF}.Debug|Any CPU.ActiveCfg = Debug|Any CPU
		{6A6F38D0-7C77-4351-A0AB-A1EF6F833ACF}.Debug|Any CPU.Build.0 = Debug|Any CPU
		{6A6F38D0-7C77-4351-A0AB-A1EF6F833ACF}.Release|Any CPU.ActiveCfg = Release|Any CPU
		{6A6F38D0-7C77-4351-A0AB-A1EF6F833ACF}.Release|Any CPU.Build.0 = Release|Any CPU
		{F2237401-425E-4B3E-BC6D-4C9F020B1C6D}.Debug|Any CPU.ActiveCfg = Debug|Any CPU
		{F2237401-425E-4B3E-BC6D-4C9F020B1C6D}.Debug|Any CPU.Build.0 = Debug|Any CPU
		{F2237401-425E-4B3E-BC6D-4C9F020B1C6D}.Release|Any CPU.ActiveCfg = Release|Any CPU
		{F2237401-425E-4B3E-BC6D-4C9F020B1C6D}.Release|Any CPU.Build.0 = Release|Any CPU
		{111AAB51-F581-490B-A4C5-16D5042627FB}.Debug|Any CPU.ActiveCfg = Debug|Any CPU
		{111AAB51-F581-490B-A4C5-16D5042627FB}.Debug|Any CPU.Build.0 = Debug|Any CPU
		{111AAB51-F581-490B-A4C5-16D5042627FB}.Release|Any CPU.ActiveCfg = Release|Any CPU
		{111AAB51-F581-490B-A4C5-16D5042627FB}.Release|Any CPU.Build.0 = Release|Any CPU
		{EF0F6F7C-6427-454A-80D1-7ED1324777C2}.Debug|Any CPU.ActiveCfg = Debug|Any CPU
		{EF0F6F7C-6427-454A-80D1-7ED1324777C2}.Debug|Any CPU.Build.0 = Debug|Any CPU
		{EF0F6F7C-6427-454A-80D1-7ED1324777C2}.Release|Any CPU.ActiveCfg = Release|Any CPU
		{EF0F6F7C-6427-454A-80D1-7ED1324777C2}.Release|Any CPU.Build.0 = Release|Any CPU
		{1B6B679C-8E37-4B05-BC7F-4EC5E0B6A8EF}.Debug|Any CPU.ActiveCfg = Debug|Any CPU
		{1B6B679C-8E37-4B05-BC7F-4EC5E0B6A8EF}.Debug|Any CPU.Build.0 = Debug|Any CPU
		{1B6B679C-8E37-4B05-BC7F-4EC5E0B6A8EF}.Release|Any CPU.ActiveCfg = Release|Any CPU
		{1B6B679C-8E37-4B05-BC7F-4EC5E0B6A8EF}.Release|Any CPU.Build.0 = Release|Any CPU
		{36343639-E559-4AB8-B21E-734E6BA572C8}.Debug|Any CPU.ActiveCfg = Debug|Any CPU
		{36343639-E559-4AB8-B21E-734E6BA572C8}.Debug|Any CPU.Build.0 = Debug|Any CPU
		{36343639-E559-4AB8-B21E-734E6BA572C8}.Release|Any CPU.ActiveCfg = Release|Any CPU
		{36343639-E559-4AB8-B21E-734E6BA572C8}.Release|Any CPU.Build.0 = Release|Any CPU
		{66F270CD-FA9F-4761-81D4-F0637A3F2671}.Debug|Any CPU.ActiveCfg = Debug|Any CPU
		{66F270CD-FA9F-4761-81D4-F0637A3F2671}.Debug|Any CPU.Build.0 = Debug|Any CPU
		{66F270CD-FA9F-4761-81D4-F0637A3F2671}.Release|Any CPU.ActiveCfg = Release|Any CPU
		{66F270CD-FA9F-4761-81D4-F0637A3F2671}.Release|Any CPU.Build.0 = Release|Any CPU
		{2B9C5AD2-7C16-434E-8916-1EFEEC824CBA}.Debug|Any CPU.ActiveCfg = Debug|Any CPU
		{2B9C5AD2-7C16-434E-8916-1EFEEC824CBA}.Debug|Any CPU.Build.0 = Debug|Any CPU
		{2B9C5AD2-7C16-434E-8916-1EFEEC824CBA}.Release|Any CPU.ActiveCfg = Release|Any CPU
		{2B9C5AD2-7C16-434E-8916-1EFEEC824CBA}.Release|Any CPU.Build.0 = Release|Any CPU
		{FF02326F-E944-40D3-A29B-B68F162A6D78}.Debug|Any CPU.ActiveCfg = Debug|Any CPU
		{FF02326F-E944-40D3-A29B-B68F162A6D78}.Debug|Any CPU.Build.0 = Debug|Any CPU
		{FF02326F-E944-40D3-A29B-B68F162A6D78}.Release|Any CPU.ActiveCfg = Release|Any CPU
		{FF02326F-E944-40D3-A29B-B68F162A6D78}.Release|Any CPU.Build.0 = Release|Any CPU
		{20E5556E-6BD4-4DF7-BDA9-EBA6B7C47141}.Debug|Any CPU.ActiveCfg = Debug|Any CPU
		{20E5556E-6BD4-4DF7-BDA9-EBA6B7C47141}.Debug|Any CPU.Build.0 = Debug|Any CPU
		{20E5556E-6BD4-4DF7-BDA9-EBA6B7C47141}.Release|Any CPU.ActiveCfg = Release|Any CPU
		{20E5556E-6BD4-4DF7-BDA9-EBA6B7C47141}.Release|Any CPU.Build.0 = Release|Any CPU
		{C557D771-82ED-47FA-8A69-1D0C31A13B21}.Debug|Any CPU.ActiveCfg = Debug|Any CPU
		{C557D771-82ED-47FA-8A69-1D0C31A13B21}.Debug|Any CPU.Build.0 = Debug|Any CPU
		{C557D771-82ED-47FA-8A69-1D0C31A13B21}.Release|Any CPU.ActiveCfg = Release|Any CPU
		{C557D771-82ED-47FA-8A69-1D0C31A13B21}.Release|Any CPU.Build.0 = Release|Any CPU
		{E5FDFBBA-EB2B-4589-AD41-2E02FDAEF747}.Debug|Any CPU.ActiveCfg = Debug|Any CPU
		{E5FDFBBA-EB2B-4589-AD41-2E02FDAEF747}.Debug|Any CPU.Build.0 = Debug|Any CPU
		{E5FDFBBA-EB2B-4589-AD41-2E02FDAEF747}.Release|Any CPU.ActiveCfg = Release|Any CPU
		{E5FDFBBA-EB2B-4589-AD41-2E02FDAEF747}.Release|Any CPU.Build.0 = Release|Any CPU
		{8B837A52-A411-4D45-8CB8-4DCDCDA607F3}.Debug|Any CPU.ActiveCfg = Debug|Any CPU
		{8B837A52-A411-4D45-8CB8-4DCDCDA607F3}.Debug|Any CPU.Build.0 = Debug|Any CPU
		{8B837A52-A411-4D45-8CB8-4DCDCDA607F3}.Release|Any CPU.ActiveCfg = Release|Any CPU
		{8B837A52-A411-4D45-8CB8-4DCDCDA607F3}.Release|Any CPU.Build.0 = Release|Any CPU
		{BE27A8A7-64FF-4C6E-8AD7-0C93AF20386D}.Debug|Any CPU.ActiveCfg = Debug|Any CPU
		{BE27A8A7-64FF-4C6E-8AD7-0C93AF20386D}.Debug|Any CPU.Build.0 = Debug|Any CPU
		{BE27A8A7-64FF-4C6E-8AD7-0C93AF20386D}.Release|Any CPU.ActiveCfg = Release|Any CPU
		{BE27A8A7-64FF-4C6E-8AD7-0C93AF20386D}.Release|Any CPU.Build.0 = Release|Any CPU
		{6ED0DA49-3A87-46B2-935D-7A4474E63D92}.Debug|Any CPU.ActiveCfg = Debug|Any CPU
		{6ED0DA49-3A87-46B2-935D-7A4474E63D92}.Debug|Any CPU.Build.0 = Debug|Any CPU
		{6ED0DA49-3A87-46B2-935D-7A4474E63D92}.Release|Any CPU.ActiveCfg = Release|Any CPU
		{6ED0DA49-3A87-46B2-935D-7A4474E63D92}.Release|Any CPU.Build.0 = Release|Any CPU
		{EABC85CA-151E-4D87-A5D0-95A2C4B412CC}.Debug|Any CPU.ActiveCfg = Debug|Any CPU
		{EABC85CA-151E-4D87-A5D0-95A2C4B412CC}.Debug|Any CPU.Build.0 = Debug|Any CPU
		{EABC85CA-151E-4D87-A5D0-95A2C4B412CC}.Release|Any CPU.ActiveCfg = Release|Any CPU
		{EABC85CA-151E-4D87-A5D0-95A2C4B412CC}.Release|Any CPU.Build.0 = Release|Any CPU
		{AC4EE7C7-7ABA-4320-9170-6FD1BFC4FDDF}.Debug|Any CPU.ActiveCfg = Debug|Any CPU
		{AC4EE7C7-7ABA-4320-9170-6FD1BFC4FDDF}.Debug|Any CPU.Build.0 = Debug|Any CPU
		{AC4EE7C7-7ABA-4320-9170-6FD1BFC4FDDF}.Release|Any CPU.ActiveCfg = Release|Any CPU
		{AC4EE7C7-7ABA-4320-9170-6FD1BFC4FDDF}.Release|Any CPU.Build.0 = Release|Any CPU
		{F5F415CC-8FF0-49AA-A22C-E5A8A791EB30}.Debug|Any CPU.ActiveCfg = Debug|Any CPU
		{F5F415CC-8FF0-49AA-A22C-E5A8A791EB30}.Debug|Any CPU.Build.0 = Debug|Any CPU
		{F5F415CC-8FF0-49AA-A22C-E5A8A791EB30}.Release|Any CPU.ActiveCfg = Release|Any CPU
		{F5F415CC-8FF0-49AA-A22C-E5A8A791EB30}.Release|Any CPU.Build.0 = Release|Any CPU
		{FDB612CC-17EF-4D2F-A4DE-C91FE4B03950}.Debug|Any CPU.ActiveCfg = Debug|Any CPU
		{FDB612CC-17EF-4D2F-A4DE-C91FE4B03950}.Debug|Any CPU.Build.0 = Debug|Any CPU
		{FDB612CC-17EF-4D2F-A4DE-C91FE4B03950}.Release|Any CPU.ActiveCfg = Release|Any CPU
		{FDB612CC-17EF-4D2F-A4DE-C91FE4B03950}.Release|Any CPU.Build.0 = Release|Any CPU
		{A9BD2D6E-2AD0-45C8-BAFE-676DF1B2ACB4}.Debug|Any CPU.ActiveCfg = Debug|Any CPU
		{A9BD2D6E-2AD0-45C8-BAFE-676DF1B2ACB4}.Debug|Any CPU.Build.0 = Debug|Any CPU
		{A9BD2D6E-2AD0-45C8-BAFE-676DF1B2ACB4}.Release|Any CPU.ActiveCfg = Release|Any CPU
		{A9BD2D6E-2AD0-45C8-BAFE-676DF1B2ACB4}.Release|Any CPU.Build.0 = Release|Any CPU
		{72ABD364-908D-438E-A4D1-46C0528CC90A}.Debug|Any CPU.ActiveCfg = Debug|Any CPU
		{72ABD364-908D-438E-A4D1-46C0528CC90A}.Debug|Any CPU.Build.0 = Debug|Any CPU
		{72ABD364-908D-438E-A4D1-46C0528CC90A}.Release|Any CPU.ActiveCfg = Release|Any CPU
		{72ABD364-908D-438E-A4D1-46C0528CC90A}.Release|Any CPU.Build.0 = Release|Any CPU
		{31D54055-F86F-4227-846A-25389C01F194}.Debug|Any CPU.ActiveCfg = Debug|Any CPU
		{31D54055-F86F-4227-846A-25389C01F194}.Debug|Any CPU.Build.0 = Debug|Any CPU
		{31D54055-F86F-4227-846A-25389C01F194}.Release|Any CPU.ActiveCfg = Release|Any CPU
		{31D54055-F86F-4227-846A-25389C01F194}.Release|Any CPU.Build.0 = Release|Any CPU
		{E0BFE85D-3325-4774-B661-63C4E664F80B}.Debug|Any CPU.ActiveCfg = Debug|Any CPU
		{E0BFE85D-3325-4774-B661-63C4E664F80B}.Debug|Any CPU.Build.0 = Debug|Any CPU
		{E0BFE85D-3325-4774-B661-63C4E664F80B}.Release|Any CPU.ActiveCfg = Release|Any CPU
		{E0BFE85D-3325-4774-B661-63C4E664F80B}.Release|Any CPU.Build.0 = Release|Any CPU
		{D97DE4D3-1FAD-4B6F-B9E1-597F62B20B0F}.Debug|Any CPU.ActiveCfg = Debug|Any CPU
		{D97DE4D3-1FAD-4B6F-B9E1-597F62B20B0F}.Debug|Any CPU.Build.0 = Debug|Any CPU
		{D97DE4D3-1FAD-4B6F-B9E1-597F62B20B0F}.Release|Any CPU.ActiveCfg = Release|Any CPU
		{D97DE4D3-1FAD-4B6F-B9E1-597F62B20B0F}.Release|Any CPU.Build.0 = Release|Any CPU
		{42658162-FA41-4219-8B2D-7623ECC9BEBA}.Debug|Any CPU.ActiveCfg = Debug|Any CPU
		{42658162-FA41-4219-8B2D-7623ECC9BEBA}.Debug|Any CPU.Build.0 = Debug|Any CPU
		{42658162-FA41-4219-8B2D-7623ECC9BEBA}.Release|Any CPU.ActiveCfg = Release|Any CPU
		{42658162-FA41-4219-8B2D-7623ECC9BEBA}.Release|Any CPU.Build.0 = Release|Any CPU
		{648D2694-DCBC-4A5C-B362-79C6402F0A0F}.Debug|Any CPU.ActiveCfg = Debug|Any CPU
		{648D2694-DCBC-4A5C-B362-79C6402F0A0F}.Debug|Any CPU.Build.0 = Debug|Any CPU
		{648D2694-DCBC-4A5C-B362-79C6402F0A0F}.Release|Any CPU.ActiveCfg = Release|Any CPU
		{648D2694-DCBC-4A5C-B362-79C6402F0A0F}.Release|Any CPU.Build.0 = Release|Any CPU
		{5B5689AE-A7F9-4D71-8151-5E2232753962}.Debug|Any CPU.ActiveCfg = Debug|Any CPU
		{5B5689AE-A7F9-4D71-8151-5E2232753962}.Debug|Any CPU.Build.0 = Debug|Any CPU
		{5B5689AE-A7F9-4D71-8151-5E2232753962}.Release|Any CPU.ActiveCfg = Release|Any CPU
		{5B5689AE-A7F9-4D71-8151-5E2232753962}.Release|Any CPU.Build.0 = Release|Any CPU
	EndGlobalSection
	GlobalSection(SolutionProperties) = preSolution
		HideSolutionNode = FALSE
	EndGlobalSection
EndGlobal
