
Microsoft Visual Studio Solution File, Format Version 12.00
# Visual Studio 2012
Project("{FAE04EC0-301F-11D3-BF4B-00C04F79EFBC}") = "01. OddLinesFromTextFile", "01. OddLinesFromTextFile\01. OddLinesFromTextFile.csproj", "{21EB28B3-6C93-4569-87FA-FE431393060C}"
EndProject
Project("{FAE04EC0-301F-11D3-BF4B-00C04F79EFBC}") = "02. ConcatTwoFiles", "02. ConcatTwoFiles\02. ConcatTwoFiles.csproj", "{FDCBE22A-3777-4F83-8E52-3D81A9F04C97}"
EndProject
Project("{FAE04EC0-301F-11D3-BF4B-00C04F79EFBC}") = "03. NumbersFrontOfLines", "03. NumbersFrontOfLines\03. NumbersFrontOfLines.csproj", "{C6FE04E3-62AE-4E06-B289-5BF4F6F21C7C}"
EndProject
Project("{FAE04EC0-301F-11D3-BF4B-00C04F79EFBC}") = "04. CompareFiles", "04. CompareFiles\04. CompareFiles.csproj", "{97FD7983-B190-42C4-ADD7-9BF49B2F702F}"
EndProject
Project("{FAE04EC0-301F-11D3-BF4B-00C04F79EFBC}") = "05. MaxSubMatrix", "05. MaxSubMatrix\05. MaxSubMatrix.csproj", "{F58A0D73-91CF-4C09-B298-BE2760EF6D88}"
EndProject
Project("{FAE04EC0-301F-11D3-BF4B-00C04F79EFBC}") = "06. SortStrings", "06. SortStrings\06. SortStrings.csproj", "{08EEB131-08BA-4564-9C0E-FFB2A4433714}"
EndProject
Project("{FAE04EC0-301F-11D3-BF4B-00C04F79EFBC}") = "07. 08. ReplaceSubstrings", "07. 08. ReplaceSubstrings\07. 08. ReplaceSubstrings.csproj", "{933E9B2B-409C-4B84-AFD1-F8905253BC4A}"
EndProject
Project("{FAE04EC0-301F-11D3-BF4B-00C04F79EFBC}") = "09. DeleteOddLines", "09. DeleteOddLines\09. DeleteOddLines.csproj", "{FFD321D4-A855-4FB1-AA7C-CDA11852AC1C}"
EndProject
Project("{FAE04EC0-301F-11D3-BF4B-00C04F79EFBC}") = "10. TextWithoutTags", "10. TextWithoutTags\10. TextWithoutTags.csproj", "{A0DD1928-4756-43AE-8C97-29E84F1CF7EF}"
EndProject
Project("{FAE04EC0-301F-11D3-BF4B-00C04F79EFBC}") = "11. DeleteTestWords", "11. DeleteTestWords\11. DeleteTestWords.csproj", "{ED2B9D3A-C64F-4006-A589-5FC7398B1427}"
EndProject
Project("{FAE04EC0-301F-11D3-BF4B-00C04F79EFBC}") = "12. DeleteWords", "12. DeleteWords\12. DeleteWords.csproj", "{2901AF78-95D9-45CE-84AB-AA740DBC59D4}"
EndProject
Project("{FAE04EC0-301F-11D3-BF4B-00C04F79EFBC}") = "13. CountAndSort", "13. CountAndSort\13. CountAndSort.csproj", "{4DB2BABD-405C-4369-9FD3-165267E99919}"
EndProject
Global
	GlobalSection(SolutionConfigurationPlatforms) = preSolution
		Debug|Any CPU = Debug|Any CPU
		Release|Any CPU = Release|Any CPU
	EndGlobalSection
	GlobalSection(ProjectConfigurationPlatforms) = postSolution
		{21EB28B3-6C93-4569-87FA-FE431393060C}.Debug|Any CPU.ActiveCfg = Debug|Any CPU
		{21EB28B3-6C93-4569-87FA-FE431393060C}.Debug|Any CPU.Build.0 = Debug|Any CPU
		{21EB28B3-6C93-4569-87FA-FE431393060C}.Release|Any CPU.ActiveCfg = Release|Any CPU
		{21EB28B3-6C93-4569-87FA-FE431393060C}.Release|Any CPU.Build.0 = Release|Any CPU
		{FDCBE22A-3777-4F83-8E52-3D81A9F04C97}.Debug|Any CPU.ActiveCfg = Debug|Any CPU
		{FDCBE22A-3777-4F83-8E52-3D81A9F04C97}.Debug|Any CPU.Build.0 = Debug|Any CPU
		{FDCBE22A-3777-4F83-8E52-3D81A9F04C97}.Release|Any CPU.ActiveCfg = Release|Any CPU
		{FDCBE22A-3777-4F83-8E52-3D81A9F04C97}.Release|Any CPU.Build.0 = Release|Any CPU
		{C6FE04E3-62AE-4E06-B289-5BF4F6F21C7C}.Debug|Any CPU.ActiveCfg = Debug|Any CPU
		{C6FE04E3-62AE-4E06-B289-5BF4F6F21C7C}.Debug|Any CPU.Build.0 = Debug|Any CPU
		{C6FE04E3-62AE-4E06-B289-5BF4F6F21C7C}.Release|Any CPU.ActiveCfg = Release|Any CPU
		{C6FE04E3-62AE-4E06-B289-5BF4F6F21C7C}.Release|Any CPU.Build.0 = Release|Any CPU
		{97FD7983-B190-42C4-ADD7-9BF49B2F702F}.Debug|Any CPU.ActiveCfg = Debug|Any CPU
		{97FD7983-B190-42C4-ADD7-9BF49B2F702F}.Debug|Any CPU.Build.0 = Debug|Any CPU
		{97FD7983-B190-42C4-ADD7-9BF49B2F702F}.Release|Any CPU.ActiveCfg = Release|Any CPU
		{97FD7983-B190-42C4-ADD7-9BF49B2F702F}.Release|Any CPU.Build.0 = Release|Any CPU
		{F58A0D73-91CF-4C09-B298-BE2760EF6D88}.Debug|Any CPU.ActiveCfg = Debug|Any CPU
		{F58A0D73-91CF-4C09-B298-BE2760EF6D88}.Debug|Any CPU.Build.0 = Debug|Any CPU
		{F58A0D73-91CF-4C09-B298-BE2760EF6D88}.Release|Any CPU.ActiveCfg = Release|Any CPU
		{F58A0D73-91CF-4C09-B298-BE2760EF6D88}.Release|Any CPU.Build.0 = Release|Any CPU
		{08EEB131-08BA-4564-9C0E-FFB2A4433714}.Debug|Any CPU.ActiveCfg = Debug|Any CPU
		{08EEB131-08BA-4564-9C0E-FFB2A4433714}.Debug|Any CPU.Build.0 = Debug|Any CPU
		{08EEB131-08BA-4564-9C0E-FFB2A4433714}.Release|Any CPU.ActiveCfg = Release|Any CPU
		{08EEB131-08BA-4564-9C0E-FFB2A4433714}.Release|Any CPU.Build.0 = Release|Any CPU
		{933E9B2B-409C-4B84-AFD1-F8905253BC4A}.Debug|Any CPU.ActiveCfg = Debug|Any CPU
		{933E9B2B-409C-4B84-AFD1-F8905253BC4A}.Debug|Any CPU.Build.0 = Debug|Any CPU
		{933E9B2B-409C-4B84-AFD1-F8905253BC4A}.Release|Any CPU.ActiveCfg = Release|Any CPU
		{933E9B2B-409C-4B84-AFD1-F8905253BC4A}.Release|Any CPU.Build.0 = Release|Any CPU
		{FFD321D4-A855-4FB1-AA7C-CDA11852AC1C}.Debug|Any CPU.ActiveCfg = Debug|Any CPU
		{FFD321D4-A855-4FB1-AA7C-CDA11852AC1C}.Debug|Any CPU.Build.0 = Debug|Any CPU
		{FFD321D4-A855-4FB1-AA7C-CDA11852AC1C}.Release|Any CPU.ActiveCfg = Release|Any CPU
		{FFD321D4-A855-4FB1-AA7C-CDA11852AC1C}.Release|Any CPU.Build.0 = Release|Any CPU
		{A0DD1928-4756-43AE-8C97-29E84F1CF7EF}.Debug|Any CPU.ActiveCfg = Debug|Any CPU
		{A0DD1928-4756-43AE-8C97-29E84F1CF7EF}.Debug|Any CPU.Build.0 = Debug|Any CPU
		{A0DD1928-4756-43AE-8C97-29E84F1CF7EF}.Release|Any CPU.ActiveCfg = Release|Any CPU
		{A0DD1928-4756-43AE-8C97-29E84F1CF7EF}.Release|Any CPU.Build.0 = Release|Any CPU
		{ED2B9D3A-C64F-4006-A589-5FC7398B1427}.Debug|Any CPU.ActiveCfg = Debug|Any CPU
		{ED2B9D3A-C64F-4006-A589-5FC7398B1427}.Debug|Any CPU.Build.0 = Debug|Any CPU
		{ED2B9D3A-C64F-4006-A589-5FC7398B1427}.Release|Any CPU.ActiveCfg = Release|Any CPU
		{ED2B9D3A-C64F-4006-A589-5FC7398B1427}.Release|Any CPU.Build.0 = Release|Any CPU
		{2901AF78-95D9-45CE-84AB-AA740DBC59D4}.Debug|Any CPU.ActiveCfg = Debug|Any CPU
		{2901AF78-95D9-45CE-84AB-AA740DBC59D4}.Debug|Any CPU.Build.0 = Debug|Any CPU
		{2901AF78-95D9-45CE-84AB-AA740DBC59D4}.Release|Any CPU.ActiveCfg = Release|Any CPU
		{2901AF78-95D9-45CE-84AB-AA740DBC59D4}.Release|Any CPU.Build.0 = Release|Any CPU
		{4DB2BABD-405C-4369-9FD3-165267E99919}.Debug|Any CPU.ActiveCfg = Debug|Any CPU
		{4DB2BABD-405C-4369-9FD3-165267E99919}.Debug|Any CPU.Build.0 = Debug|Any CPU
		{4DB2BABD-405C-4369-9FD3-165267E99919}.Release|Any CPU.ActiveCfg = Release|Any CPU
		{4DB2BABD-405C-4369-9FD3-165267E99919}.Release|Any CPU.Build.0 = Release|Any CPU
	EndGlobalSection
	GlobalSection(SolutionProperties) = preSolution
		HideSolutionNode = FALSE
	EndGlobalSection
EndGlobal
