
Microsoft Visual Studio Solution File, Format Version 12.00
# Visual Studio 2013
VisualStudioVersion = 12.0.30501.0
MinimumVisualStudioVersion = 10.0.40219.1
Project("{FAE04EC0-301F-11D3-BF4B-00C04F79EFBC}") = "1. PriorityQueue", "1. PriorityQueue\1. PriorityQueue.csproj", "{0488FF2B-FCA3-4F92-A910-6ECC67379C46}"
EndProject
Project("{FAE04EC0-301F-11D3-BF4B-00C04F79EFBC}") = "2. First20ProductsInRange", "2. First20ProductsInRange\2. First20ProductsInRange.csproj", "{E25AD9AB-C8CA-4B91-BB0A-79F91003CABC}"
EndProject
Project("{FAE04EC0-301F-11D3-BF4B-00C04F79EFBC}") = "3. Trie", "3. Trie\3. Trie.csproj", "{B95ECA90-D8CB-4A83-90C8-B51C4EAE127E}"
EndProject
Global
	GlobalSection(SolutionConfigurationPlatforms) = preSolution
		Debug|Any CPU = Debug|Any CPU
		Release|Any CPU = Release|Any CPU
	EndGlobalSection
	GlobalSection(ProjectConfigurationPlatforms) = postSolution
		{0488FF2B-FCA3-4F92-A910-6ECC67379C46}.Debug|Any CPU.ActiveCfg = Debug|Any CPU
		{0488FF2B-FCA3-4F92-A910-6ECC67379C46}.Debug|Any CPU.Build.0 = Debug|Any CPU
		{0488FF2B-FCA3-4F92-A910-6ECC67379C46}.Release|Any CPU.ActiveCfg = Release|Any CPU
		{0488FF2B-FCA3-4F92-A910-6ECC67379C46}.Release|Any CPU.Build.0 = Release|Any CPU
		{E25AD9AB-C8CA-4B91-BB0A-79F91003CABC}.Debug|Any CPU.ActiveCfg = Debug|Any CPU
		{E25AD9AB-C8CA-4B91-BB0A-79F91003CABC}.Debug|Any CPU.Build.0 = Debug|Any CPU
		{E25AD9AB-C8CA-4B91-BB0A-79F91003CABC}.Release|Any CPU.ActiveCfg = Release|Any CPU
		{E25AD9AB-C8CA-4B91-BB0A-79F91003CABC}.Release|Any CPU.Build.0 = Release|Any CPU
		{B95ECA90-D8CB-4A83-90C8-B51C4EAE127E}.Debug|Any CPU.ActiveCfg = Debug|Any CPU
		{B95ECA90-D8CB-4A83-90C8-B51C4EAE127E}.Debug|Any CPU.Build.0 = Debug|Any CPU
		{B95ECA90-D8CB-4A83-90C8-B51C4EAE127E}.Release|Any CPU.ActiveCfg = Release|Any CPU
		{B95ECA90-D8CB-4A83-90C8-B51C4EAE127E}.Release|Any CPU.Build.0 = Release|Any CPU
	EndGlobalSection
	GlobalSection(SolutionProperties) = preSolution
		HideSolutionNode = FALSE
	EndGlobalSection
EndGlobal
