
Microsoft Visual Studio Solution File, Format Version 12.00
# Visual Studio 2013
VisualStudioVersion = 12.0.30501.0
MinimumVisualStudioVersion = 10.0.40219.1
Project("{FAE04EC0-301F-11D3-BF4B-00C04F79EFBC}") = "1. Trees", "1. Trees\1. Trees.csproj", "{9B042430-0A22-4619-A94E-A158AB0BD97C}"
EndProject
Project("{FAE04EC0-301F-11D3-BF4B-00C04F79EFBC}") = "2. TraverseWindows", "2. TraverseWindows\2. TraverseWindows.csproj", "{032A3C27-7321-4247-AD20-A57CF42DDFAC}"
EndProject
Project("{FAE04EC0-301F-11D3-BF4B-00C04F79EFBC}") = "3. FileSizeSumOfSubTree", "3. FileSizeSumOfSubTree\3. FileSizeSumOfSubTree.csproj", "{97A60FF9-3FA1-4BB9-9849-FFA87E95A5CF}"
EndProject
Global
	GlobalSection(SolutionConfigurationPlatforms) = preSolution
		Debug|Any CPU = Debug|Any CPU
		Release|Any CPU = Release|Any CPU
	EndGlobalSection
	GlobalSection(ProjectConfigurationPlatforms) = postSolution
		{9B042430-0A22-4619-A94E-A158AB0BD97C}.Debug|Any CPU.ActiveCfg = Debug|Any CPU
		{9B042430-0A22-4619-A94E-A158AB0BD97C}.Debug|Any CPU.Build.0 = Debug|Any CPU
		{9B042430-0A22-4619-A94E-A158AB0BD97C}.Release|Any CPU.ActiveCfg = Release|Any CPU
		{9B042430-0A22-4619-A94E-A158AB0BD97C}.Release|Any CPU.Build.0 = Release|Any CPU
		{032A3C27-7321-4247-AD20-A57CF42DDFAC}.Debug|Any CPU.ActiveCfg = Debug|Any CPU
		{032A3C27-7321-4247-AD20-A57CF42DDFAC}.Debug|Any CPU.Build.0 = Debug|Any CPU
		{032A3C27-7321-4247-AD20-A57CF42DDFAC}.Release|Any CPU.ActiveCfg = Release|Any CPU
		{032A3C27-7321-4247-AD20-A57CF42DDFAC}.Release|Any CPU.Build.0 = Release|Any CPU
		{97A60FF9-3FA1-4BB9-9849-FFA87E95A5CF}.Debug|Any CPU.ActiveCfg = Debug|Any CPU
		{97A60FF9-3FA1-4BB9-9849-FFA87E95A5CF}.Debug|Any CPU.Build.0 = Debug|Any CPU
		{97A60FF9-3FA1-4BB9-9849-FFA87E95A5CF}.Release|Any CPU.ActiveCfg = Release|Any CPU
		{97A60FF9-3FA1-4BB9-9849-FFA87E95A5CF}.Release|Any CPU.Build.0 = Release|Any CPU
	EndGlobalSection
	GlobalSection(SolutionProperties) = preSolution
		HideSolutionNode = FALSE
	EndGlobalSection
EndGlobal
