
Microsoft Visual Studio Solution File, Format Version 12.00
# Visual Studio 2013
VisualStudioVersion = 12.0.30501.0
MinimumVisualStudioVersion = 10.0.40219.1
Project("{FAE04EC0-301F-11D3-BF4B-00C04F79EFBC}") = "MinimumSpanningTree-Cables", "MinimumSpanningTree-Cables\MinimumSpanningTree-Cables.csproj", "{4547BC1C-D132-4345-9AA1-040BD4DAB486}"
EndProject
Project("{FAE04EC0-301F-11D3-BF4B-00C04F79EFBC}") = "FriendsOfPesho", "FriendsOfPesho\FriendsOfPesho.csproj", "{5AD30F2E-276A-4647-8C38-624913C06542}"
EndProject
Project("{FAE04EC0-301F-11D3-BF4B-00C04F79EFBC}") = "Salaries", "Salaries\Salaries.csproj", "{0793DEBD-870C-44AE-B8C0-E10B381D6C73}"
EndProject
Global
	GlobalSection(SolutionConfigurationPlatforms) = preSolution
		Debug|Any CPU = Debug|Any CPU
		Release|Any CPU = Release|Any CPU
	EndGlobalSection
	GlobalSection(ProjectConfigurationPlatforms) = postSolution
		{4547BC1C-D132-4345-9AA1-040BD4DAB486}.Debug|Any CPU.ActiveCfg = Debug|Any CPU
		{4547BC1C-D132-4345-9AA1-040BD4DAB486}.Debug|Any CPU.Build.0 = Debug|Any CPU
		{4547BC1C-D132-4345-9AA1-040BD4DAB486}.Release|Any CPU.ActiveCfg = Release|Any CPU
		{4547BC1C-D132-4345-9AA1-040BD4DAB486}.Release|Any CPU.Build.0 = Release|Any CPU
		{5AD30F2E-276A-4647-8C38-624913C06542}.Debug|Any CPU.ActiveCfg = Debug|Any CPU
		{5AD30F2E-276A-4647-8C38-624913C06542}.Debug|Any CPU.Build.0 = Debug|Any CPU
		{5AD30F2E-276A-4647-8C38-624913C06542}.Release|Any CPU.ActiveCfg = Release|Any CPU
		{5AD30F2E-276A-4647-8C38-624913C06542}.Release|Any CPU.Build.0 = Release|Any CPU
		{0793DEBD-870C-44AE-B8C0-E10B381D6C73}.Debug|Any CPU.ActiveCfg = Debug|Any CPU
		{0793DEBD-870C-44AE-B8C0-E10B381D6C73}.Debug|Any CPU.Build.0 = Debug|Any CPU
		{0793DEBD-870C-44AE-B8C0-E10B381D6C73}.Release|Any CPU.ActiveCfg = Release|Any CPU
		{0793DEBD-870C-44AE-B8C0-E10B381D6C73}.Release|Any CPU.Build.0 = Release|Any CPU
	EndGlobalSection
	GlobalSection(SolutionProperties) = preSolution
		HideSolutionNode = FALSE
	EndGlobalSection
EndGlobal
