
Microsoft Visual Studio Solution File, Format Version 12.00
# Visual Studio 2013
VisualStudioVersion = 12.0.30501.0
MinimumVisualStudioVersion = 10.0.40219.1
Project("{FAE04EC0-301F-11D3-BF4B-00C04F79EFBC}") = "1. RandomDivs", "1. RandomDivs\1. RandomDivs.csproj", "{984BA6E1-2590-4A49-9F48-B493B63ED605}"
EndProject
Project("{FAE04EC0-301F-11D3-BF4B-00C04F79EFBC}") = "2. FiveCircularDivs", "2. FiveCircularDivs\2. FiveCircularDivs.csproj", "{28369F0F-306D-4AE4-8270-D8063F7A6FE7}"
EndProject
Project("{FAE04EC0-301F-11D3-BF4B-00C04F79EFBC}") = "3. TextArea", "3. TextArea\3. TextArea.csproj", "{E94CED5F-29BC-4825-BE57-6E90BD323BDF}"
EndProject
Project("{FAE04EC0-301F-11D3-BF4B-00C04F79EFBC}") = "4. TagCloud", "4. TagCloud\4. TagCloud.csproj", "{4208EA49-10E9-4F64-8B4C-E3C56ED37188}"
EndProject
Project("{FAE04EC0-301F-11D3-BF4B-00C04F79EFBC}") = "5. TreeView", "5. TreeView\5. TreeView.csproj", "{3E8D3F4E-E2EB-4741-9C33-691EC1890DFE}"
EndProject
Global
	GlobalSection(SolutionConfigurationPlatforms) = preSolution
		Debug|Any CPU = Debug|Any CPU
		Release|Any CPU = Release|Any CPU
	EndGlobalSection
	GlobalSection(ProjectConfigurationPlatforms) = postSolution
		{984BA6E1-2590-4A49-9F48-B493B63ED605}.Debug|Any CPU.ActiveCfg = Debug|Any CPU
		{984BA6E1-2590-4A49-9F48-B493B63ED605}.Debug|Any CPU.Build.0 = Debug|Any CPU
		{984BA6E1-2590-4A49-9F48-B493B63ED605}.Release|Any CPU.ActiveCfg = Release|Any CPU
		{984BA6E1-2590-4A49-9F48-B493B63ED605}.Release|Any CPU.Build.0 = Release|Any CPU
		{28369F0F-306D-4AE4-8270-D8063F7A6FE7}.Debug|Any CPU.ActiveCfg = Debug|Any CPU
		{28369F0F-306D-4AE4-8270-D8063F7A6FE7}.Debug|Any CPU.Build.0 = Debug|Any CPU
		{28369F0F-306D-4AE4-8270-D8063F7A6FE7}.Release|Any CPU.ActiveCfg = Release|Any CPU
		{28369F0F-306D-4AE4-8270-D8063F7A6FE7}.Release|Any CPU.Build.0 = Release|Any CPU
		{E94CED5F-29BC-4825-BE57-6E90BD323BDF}.Debug|Any CPU.ActiveCfg = Debug|Any CPU
		{E94CED5F-29BC-4825-BE57-6E90BD323BDF}.Debug|Any CPU.Build.0 = Debug|Any CPU
		{E94CED5F-29BC-4825-BE57-6E90BD323BDF}.Release|Any CPU.ActiveCfg = Release|Any CPU
		{E94CED5F-29BC-4825-BE57-6E90BD323BDF}.Release|Any CPU.Build.0 = Release|Any CPU
		{4208EA49-10E9-4F64-8B4C-E3C56ED37188}.Debug|Any CPU.ActiveCfg = Debug|Any CPU
		{4208EA49-10E9-4F64-8B4C-E3C56ED37188}.Debug|Any CPU.Build.0 = Debug|Any CPU
		{4208EA49-10E9-4F64-8B4C-E3C56ED37188}.Release|Any CPU.ActiveCfg = Release|Any CPU
		{4208EA49-10E9-4F64-8B4C-E3C56ED37188}.Release|Any CPU.Build.0 = Release|Any CPU
		{3E8D3F4E-E2EB-4741-9C33-691EC1890DFE}.Debug|Any CPU.ActiveCfg = Debug|Any CPU
		{3E8D3F4E-E2EB-4741-9C33-691EC1890DFE}.Debug|Any CPU.Build.0 = Debug|Any CPU
		{3E8D3F4E-E2EB-4741-9C33-691EC1890DFE}.Release|Any CPU.ActiveCfg = Release|Any CPU
		{3E8D3F4E-E2EB-4741-9C33-691EC1890DFE}.Release|Any CPU.Build.0 = Release|Any CPU
	EndGlobalSection
	GlobalSection(SolutionProperties) = preSolution
		HideSolutionNode = FALSE
	EndGlobalSection
EndGlobal
