
Microsoft Visual Studio Solution File, Format Version 12.00
# Visual Studio 2013
VisualStudioVersion = 12.0.21005.1
MinimumVisualStudioVersion = 10.0.40219.1
Project("{FAE04EC0-301F-11D3-BF4B-00C04F79EFBC}") = "FirstTask", "FirstTask\FirstTask.csproj", "{B14A5B24-79D6-4D4C-9AA4-4DE456A82377}"
EndProject
Project("{FAE04EC0-301F-11D3-BF4B-00C04F79EFBC}") = "SecondTask", "SecondTask\SecondTask.csproj", "{BA8BBAA1-D75D-46FE-BD26-C9DAFDCCD5BF}"
EndProject
Project("{FAE04EC0-301F-11D3-BF4B-00C04F79EFBC}") = "ThirdTask", "ThirdTask\ThirdTask.csproj", "{A0424FD9-FDA4-44B7-A361-78DE045FF746}"
EndProject
Global
	GlobalSection(SolutionConfigurationPlatforms) = preSolution
		Debug|Any CPU = Debug|Any CPU
		Release|Any CPU = Release|Any CPU
	EndGlobalSection
	GlobalSection(ProjectConfigurationPlatforms) = postSolution
		{B14A5B24-79D6-4D4C-9AA4-4DE456A82377}.Debug|Any CPU.ActiveCfg = Debug|Any CPU
		{B14A5B24-79D6-4D4C-9AA4-4DE456A82377}.Debug|Any CPU.Build.0 = Debug|Any CPU
		{B14A5B24-79D6-4D4C-9AA4-4DE456A82377}.Release|Any CPU.ActiveCfg = Release|Any CPU
		{B14A5B24-79D6-4D4C-9AA4-4DE456A82377}.Release|Any CPU.Build.0 = Release|Any CPU
		{BA8BBAA1-D75D-46FE-BD26-C9DAFDCCD5BF}.Debug|Any CPU.ActiveCfg = Debug|Any CPU
		{BA8BBAA1-D75D-46FE-BD26-C9DAFDCCD5BF}.Debug|Any CPU.Build.0 = Debug|Any CPU
		{BA8BBAA1-D75D-46FE-BD26-C9DAFDCCD5BF}.Release|Any CPU.ActiveCfg = Release|Any CPU
		{BA8BBAA1-D75D-46FE-BD26-C9DAFDCCD5BF}.Release|Any CPU.Build.0 = Release|Any CPU
		{A0424FD9-FDA4-44B7-A361-78DE045FF746}.Debug|Any CPU.ActiveCfg = Debug|Any CPU
		{A0424FD9-FDA4-44B7-A361-78DE045FF746}.Debug|Any CPU.Build.0 = Debug|Any CPU
		{A0424FD9-FDA4-44B7-A361-78DE045FF746}.Release|Any CPU.ActiveCfg = Release|Any CPU
		{A0424FD9-FDA4-44B7-A361-78DE045FF746}.Release|Any CPU.Build.0 = Release|Any CPU
	EndGlobalSection
	GlobalSection(SolutionProperties) = preSolution
		HideSolutionNode = FALSE
	EndGlobalSection
EndGlobal
