
Microsoft Visual Studio Solution File, Format Version 12.00
# Visual Studio 2013
VisualStudioVersion = 12.0.30501.0
MinimumVisualStudioVersion = 10.0.40219.1
Project("{FAE04EC0-301F-11D3-BF4B-00C04F79EFBC}") = "1. Table", "1. Table\1. Table.csproj", "{F15848C7-B033-46E4-BFCD-281F5C84C9DA}"
EndProject
Project("{FAE04EC0-301F-11D3-BF4B-00C04F79EFBC}") = "2. DynamicSelect", "2. DinamycSelect\2. DynamicSelect.csproj", "{2A94D727-2FB8-4412-A0F4-39610C6E9CE9}"
EndProject
Project("{FAE04EC0-301F-11D3-BF4B-00C04F79EFBC}") = "3-4. ListView", "3. ListView\3-4. ListView.csproj", "{216B7E6D-4EBF-4085-9BAB-A7DCF213901D}"
EndProject
Global
	GlobalSection(SolutionConfigurationPlatforms) = preSolution
		Debug|Any CPU = Debug|Any CPU
		Release|Any CPU = Release|Any CPU
	EndGlobalSection
	GlobalSection(ProjectConfigurationPlatforms) = postSolution
		{F15848C7-B033-46E4-BFCD-281F5C84C9DA}.Debug|Any CPU.ActiveCfg = Debug|Any CPU
		{F15848C7-B033-46E4-BFCD-281F5C84C9DA}.Debug|Any CPU.Build.0 = Debug|Any CPU
		{F15848C7-B033-46E4-BFCD-281F5C84C9DA}.Release|Any CPU.ActiveCfg = Release|Any CPU
		{F15848C7-B033-46E4-BFCD-281F5C84C9DA}.Release|Any CPU.Build.0 = Release|Any CPU
		{2A94D727-2FB8-4412-A0F4-39610C6E9CE9}.Debug|Any CPU.ActiveCfg = Debug|Any CPU
		{2A94D727-2FB8-4412-A0F4-39610C6E9CE9}.Debug|Any CPU.Build.0 = Debug|Any CPU
		{2A94D727-2FB8-4412-A0F4-39610C6E9CE9}.Release|Any CPU.ActiveCfg = Release|Any CPU
		{2A94D727-2FB8-4412-A0F4-39610C6E9CE9}.Release|Any CPU.Build.0 = Release|Any CPU
		{216B7E6D-4EBF-4085-9BAB-A7DCF213901D}.Debug|Any CPU.ActiveCfg = Debug|Any CPU
		{216B7E6D-4EBF-4085-9BAB-A7DCF213901D}.Debug|Any CPU.Build.0 = Debug|Any CPU
		{216B7E6D-4EBF-4085-9BAB-A7DCF213901D}.Release|Any CPU.ActiveCfg = Release|Any CPU
		{216B7E6D-4EBF-4085-9BAB-A7DCF213901D}.Release|Any CPU.Build.0 = Release|Any CPU
	EndGlobalSection
	GlobalSection(SolutionProperties) = preSolution
		HideSolutionNode = FALSE
	EndGlobalSection
EndGlobal
